
Microsoft Visual Studio Solution File, Format Version 12.00
# Visual Studio Version 16
VisualStudioVersion = 16.0.29326.143
MinimumVisualStudioVersion = 10.0.40219.1
Project("{FAE04EC0-301F-11D3-BF4B-00C04F79EFBC}") = "Framework", "ProductManager\Framework.csproj", "{6BF7E9F0-92E1-4593-B99E-DCD539BB498E}"
EndProject
Project("{FAE04EC0-301F-11D3-BF4B-00C04F79EFBC}") = "tests", "tests\tests.csproj", "{BE295EEE-78C6-439B-9373-E639F17F228F}"
EndProject
Project("{FAE04EC0-301F-11D3-BF4B-00C04F79EFBC}") = "DataLayer", "DataLayer\DataLayer.csproj", "{F8B7368D-5884-40CE-B212-11A5D15F65F6}"
EndProject
Project("{FAE04EC0-301F-11D3-BF4B-00C04F79EFBC}") = "Business", "Business\Business.csproj", "{7A1033ED-1F15-4E5D-8C9E-E6220D2EAB82}"
EndProject
Project("{FAE04EC0-301F-11D3-BF4B-00C04F79EFBC}") = "Presentation", "Presentation\Presentation.csproj", "{6B849889-0777-4487-9F9F-362C3227B7D0}"
	ProjectSection(ProjectDependencies) = postProject
		{A8195D83-0E70-47B6-B5B3-C61A2A9EFA56} = {A8195D83-0E70-47B6-B5B3-C61A2A9EFA56}
	EndProjectSection
EndProject
Project("{FAE04EC0-301F-11D3-BF4B-00C04F79EFBC}") = "Utilities", "Utilities\Utilities.csproj", "{A8195D83-0E70-47B6-B5B3-C61A2A9EFA56}"
EndProject
Global
	GlobalSection(SolutionConfigurationPlatforms) = preSolution
		Debug|Any CPU = Debug|Any CPU
		Release|Any CPU = Release|Any CPU
	EndGlobalSection
	GlobalSection(ProjectConfigurationPlatforms) = postSolution
		{6BF7E9F0-92E1-4593-B99E-DCD539BB498E}.Debug|Any CPU.ActiveCfg = Debug|Any CPU
		{6BF7E9F0-92E1-4593-B99E-DCD539BB498E}.Debug|Any CPU.Build.0 = Debug|Any CPU
		{6BF7E9F0-92E1-4593-B99E-DCD539BB498E}.Release|Any CPU.ActiveCfg = Release|Any CPU
		{6BF7E9F0-92E1-4593-B99E-DCD539BB498E}.Release|Any CPU.Build.0 = Release|Any CPU
		{BE295EEE-78C6-439B-9373-E639F17F228F}.Debug|Any CPU.ActiveCfg = Debug|Any CPU
		{BE295EEE-78C6-439B-9373-E639F17F228F}.Debug|Any CPU.Build.0 = Debug|Any CPU
		{BE295EEE-78C6-439B-9373-E639F17F228F}.Release|Any CPU.ActiveCfg = Release|Any CPU
		{BE295EEE-78C6-439B-9373-E639F17F228F}.Release|Any CPU.Build.0 = Release|Any CPU
		{F8B7368D-5884-40CE-B212-11A5D15F65F6}.Debug|Any CPU.ActiveCfg = Debug|Any CPU
		{F8B7368D-5884-40CE-B212-11A5D15F65F6}.Debug|Any CPU.Build.0 = Debug|Any CPU
		{F8B7368D-5884-40CE-B212-11A5D15F65F6}.Release|Any CPU.ActiveCfg = Release|Any CPU
		{F8B7368D-5884-40CE-B212-11A5D15F65F6}.Release|Any CPU.Build.0 = Release|Any CPU
		{7A1033ED-1F15-4E5D-8C9E-E6220D2EAB82}.Debug|Any CPU.ActiveCfg = Debug|Any CPU
		{7A1033ED-1F15-4E5D-8C9E-E6220D2EAB82}.Debug|Any CPU.Build.0 = Debug|Any CPU
		{7A1033ED-1F15-4E5D-8C9E-E6220D2EAB82}.Release|Any CPU.ActiveCfg = Release|Any CPU
		{7A1033ED-1F15-4E5D-8C9E-E6220D2EAB82}.Release|Any CPU.Build.0 = Release|Any CPU
		{6B849889-0777-4487-9F9F-362C3227B7D0}.Debug|Any CPU.ActiveCfg = Debug|Any CPU
		{6B849889-0777-4487-9F9F-362C3227B7D0}.Debug|Any CPU.Build.0 = Debug|Any CPU
		{6B849889-0777-4487-9F9F-362C3227B7D0}.Release|Any CPU.ActiveCfg = Release|Any CPU
		{6B849889-0777-4487-9F9F-362C3227B7D0}.Release|Any CPU.Build.0 = Release|Any CPU
		{A8195D83-0E70-47B6-B5B3-C61A2A9EFA56}.Debug|Any CPU.ActiveCfg = Debug|Any CPU
		{A8195D83-0E70-47B6-B5B3-C61A2A9EFA56}.Debug|Any CPU.Build.0 = Debug|Any CPU
		{A8195D83-0E70-47B6-B5B3-C61A2A9EFA56}.Release|Any CPU.ActiveCfg = Release|Any CPU
		{A8195D83-0E70-47B6-B5B3-C61A2A9EFA56}.Release|Any CPU.Build.0 = Release|Any CPU
	EndGlobalSection
	GlobalSection(SolutionProperties) = preSolution
		HideSolutionNode = FALSE
	EndGlobalSection
	GlobalSection(ExtensibilityGlobals) = postSolution
		SolutionGuid = {09D97DF8-5E8C-4653-9338-A1074D322E1A}
	EndGlobalSection
EndGlobal
