
Microsoft Visual Studio Solution File, Format Version 12.00
# Visual Studio Version 16
VisualStudioVersion = 16.0.29326.143
MinimumVisualStudioVersion = 10.0.40219.1
Project("{FAE04EC0-301F-11D3-BF4B-00C04F79EFBC}") = "Framework", "ProductManager\Framework.csproj", "{6BF7E9F0-92E1-4593-B99E-DCD539BB498E}"
EndProject
Project("{2150E333-8FDC-42A3-9474-1A3956D46DE8}") = "Modules", "Modules", "{73992A21-B3C7-4D97-9CCD-7451F43D99BC}"
EndProject
Project("{FAE04EC0-301F-11D3-BF4B-00C04F79EFBC}") = "BuyAndSell", "BuyAndSell\BuyAndSell.csproj", "{485730AF-FF86-4DA9-889D-4C891CEC377C}"
EndProject
Project("{FAE04EC0-301F-11D3-BF4B-00C04F79EFBC}") = "BasicData", "BasicData\BasicData.csproj", "{102FD73C-2A54-47FC-96E6-FDACC94136BA}"
EndProject
Project("{FAE04EC0-301F-11D3-BF4B-00C04F79EFBC}") = "Login", "Login\Login.csproj", "{DE506971-5EE0-45BF-929C-97A891C29918}"
EndProject
Project("{FAE04EC0-301F-11D3-BF4B-00C04F79EFBC}") = "Tests", "Tests\Tests.csproj", "{3AD486C1-D5D4-41E9-AAB7-649316DDA7A1}"
EndProject
Global
	GlobalSection(SolutionConfigurationPlatforms) = preSolution
		Debug|Any CPU = Debug|Any CPU
		Release|Any CPU = Release|Any CPU
	EndGlobalSection
	GlobalSection(ProjectConfigurationPlatforms) = postSolution
		{6BF7E9F0-92E1-4593-B99E-DCD539BB498E}.Debug|Any CPU.ActiveCfg = Debug|Any CPU
		{6BF7E9F0-92E1-4593-B99E-DCD539BB498E}.Debug|Any CPU.Build.0 = Debug|Any CPU
		{6BF7E9F0-92E1-4593-B99E-DCD539BB498E}.Release|Any CPU.ActiveCfg = Release|Any CPU
		{6BF7E9F0-92E1-4593-B99E-DCD539BB498E}.Release|Any CPU.Build.0 = Release|Any CPU
		{485730AF-FF86-4DA9-889D-4C891CEC377C}.Debug|Any CPU.ActiveCfg = Debug|Any CPU
		{485730AF-FF86-4DA9-889D-4C891CEC377C}.Debug|Any CPU.Build.0 = Debug|Any CPU
		{485730AF-FF86-4DA9-889D-4C891CEC377C}.Release|Any CPU.ActiveCfg = Release|Any CPU
		{485730AF-FF86-4DA9-889D-4C891CEC377C}.Release|Any CPU.Build.0 = Release|Any CPU
		{102FD73C-2A54-47FC-96E6-FDACC94136BA}.Debug|Any CPU.ActiveCfg = Debug|Any CPU
		{102FD73C-2A54-47FC-96E6-FDACC94136BA}.Debug|Any CPU.Build.0 = Debug|Any CPU
		{102FD73C-2A54-47FC-96E6-FDACC94136BA}.Release|Any CPU.ActiveCfg = Release|Any CPU
		{102FD73C-2A54-47FC-96E6-FDACC94136BA}.Release|Any CPU.Build.0 = Release|Any CPU
		{DE506971-5EE0-45BF-929C-97A891C29918}.Debug|Any CPU.ActiveCfg = Debug|Any CPU
		{DE506971-5EE0-45BF-929C-97A891C29918}.Debug|Any CPU.Build.0 = Debug|Any CPU
		{DE506971-5EE0-45BF-929C-97A891C29918}.Release|Any CPU.ActiveCfg = Release|Any CPU
		{DE506971-5EE0-45BF-929C-97A891C29918}.Release|Any CPU.Build.0 = Release|Any CPU
		{3AD486C1-D5D4-41E9-AAB7-649316DDA7A1}.Debug|Any CPU.ActiveCfg = Debug|Any CPU
		{3AD486C1-D5D4-41E9-AAB7-649316DDA7A1}.Debug|Any CPU.Build.0 = Debug|Any CPU
		{3AD486C1-D5D4-41E9-AAB7-649316DDA7A1}.Release|Any CPU.ActiveCfg = Release|Any CPU
		{3AD486C1-D5D4-41E9-AAB7-649316DDA7A1}.Release|Any CPU.Build.0 = Release|Any CPU
	EndGlobalSection
	GlobalSection(SolutionProperties) = preSolution
		HideSolutionNode = FALSE
	EndGlobalSection
	GlobalSection(NestedProjects) = preSolution
		{485730AF-FF86-4DA9-889D-4C891CEC377C} = {73992A21-B3C7-4D97-9CCD-7451F43D99BC}
		{102FD73C-2A54-47FC-96E6-FDACC94136BA} = {73992A21-B3C7-4D97-9CCD-7451F43D99BC}
	EndGlobalSection
	GlobalSection(ExtensibilityGlobals) = postSolution
		SolutionGuid = {09D97DF8-5E8C-4653-9338-A1074D322E1A}
	EndGlobalSection
EndGlobal
